Microsoft Visual Studio Solution File, Format Version 12.00
# Visual Studio 15
VisualStudioVersion = 15.0.27004.2009
MinimumVisualStudioVersion = 15.0.26124.0
Project("{9A19103F-16F7-4668-BE54-9A1E7A4F7556}") = "Refazer_vscode", "Refazer\Refazer.csproj", "{73EF982E-3CB8-42C9-8DDE-CBCB7D16C8C0}"
EndProject
Project("{9A19103F-16F7-4668-BE54-9A1E7A4F7556}") = "Refazer.Test", "Refazer.Test\Refazer.Test.csproj", "{3FF7226B-82D9-47FC-A85E-520D33CB4A9E}"
EndProject
Global
	GlobalSection(SolutionConfigurationPlatforms) = preSolution
		Debug|Any CPU = Debug|Any CPU
		Debug|x64 = Debug|x64
		Debug|x86 = Debug|x86
		Release|Any CPU = Release|Any CPU
		Release|x64 = Release|x64
		Release|x86 = Release|x86
	EndGlobalSection
	GlobalSection(ProjectConfigurationPlatforms) = postSolution
		{73EF982E-3CB8-42C9-8DDE-CBCB7D16C8C0}.Debug|Any CPU.ActiveCfg = Debug|Any CPU
		{73EF982E-3CB8-42C9-8DDE-CBCB7D16C8C0}.Debug|Any CPU.Build.0 = Debug|Any CPU
		{73EF982E-3CB8-42C9-8DDE-CBCB7D16C8C0}.Debug|x64.ActiveCfg = Debug|Any CPU
		{73EF982E-3CB8-42C9-8DDE-CBCB7D16C8C0}.Debug|x64.Build.0 = Debug|Any CPU
		{73EF982E-3CB8-42C9-8DDE-CBCB7D16C8C0}.Debug|x86.ActiveCfg = Debug|Any CPU
		{73EF982E-3CB8-42C9-8DDE-CBCB7D16C8C0}.Debug|x86.Build.0 = Debug|Any CPU
		{73EF982E-3CB8-42C9-8DDE-CBCB7D16C8C0}.Release|Any CPU.ActiveCfg = Release|Any CPU
		{73EF982E-3CB8-42C9-8DDE-CBCB7D16C8C0}.Release|Any CPU.Build.0 = Release|Any CPU
		{73EF982E-3CB8-42C9-8DDE-CBCB7D16C8C0}.Release|x64.ActiveCfg = Release|Any CPU
		{73EF982E-3CB8-42C9-8DDE-CBCB7D16C8C0}.Release|x64.Build.0 = Release|Any CPU
		{73EF982E-3CB8-42C9-8DDE-CBCB7D16C8C0}.Release|x86.ActiveCfg = Release|Any CPU
		{73EF982E-3CB8-42C9-8DDE-CBCB7D16C8C0}.Release|x86.Build.0 = Release|Any CPU
		{3FF7226B-82D9-47FC-A85E-520D33CB4A9E}.Debug|Any CPU.ActiveCfg = Debug|Any CPU
		{3FF7226B-82D9-47FC-A85E-520D33CB4A9E}.Debug|Any CPU.Build.0 = Debug|Any CPU
		{3FF7226B-82D9-47FC-A85E-520D33CB4A9E}.Debug|x64.ActiveCfg = Debug|Any CPU
		{3FF7226B-82D9-47FC-A85E-520D33CB4A9E}.Debug|x64.Build.0 = Debug|Any CPU
		{3FF7226B-82D9-47FC-A85E-520D33CB4A9E}.Debug|x86.ActiveCfg = Debug|Any CPU
		{3FF7226B-82D9-47FC-A85E-520D33CB4A9E}.Debug|x86.Build.0 = Debug|Any CPU
		{3FF7226B-82D9-47FC-A85E-520D33CB4A9E}.Release|Any CPU.ActiveCfg = Release|Any CPU
		{3FF7226B-82D9-47FC-A85E-520D33CB4A9E}.Release|Any CPU.Build.0 = Release|Any CPU
		{3FF7226B-82D9-47FC-A85E-520D33CB4A9E}.Release|x64.ActiveCfg = Release|Any CPU
		{3FF7226B-82D9-47FC-A85E-520D33CB4A9E}.Release|x64.Build.0 = Release|Any CPU
		{3FF7226B-82D9-47FC-A85E-520D33CB4A9E}.Release|x86.ActiveCfg = Release|Any CPU
		{3FF7226B-82D9-47FC-A85E-520D33CB4A9E}.Release|x86.Build.0 = Release|Any CPU
	EndGlobalSection
	GlobalSection(SolutionProperties) = preSolution
		HideSolutionNode = FALSE
	EndGlobalSection
	GlobalSection(NestedProjects) = preSolution
		{73EF982E-3CB8-42C9-8DDE-CBCB7D16C8C0} = {1621BE7D-76B1-45F2-9C18-6FE3AD560E21}
	EndGlobalSection
	GlobalSection(ExtensibilityGlobals) = postSolution
		SolutionGuid = {4C33296F-F81E-4114-A79C-370101DE687D}
	EndGlobalSection
EndGlobal
